// !$*UTF8*$!
{
	archiveVersion = 1;
	classes = {
	};
	objectVersion = 56;
	objects = {

/* Begin PBXBuildFile section */
		28CA43212AD4313600C35597 /* GithubActionsTestApp.swift in Sources */ = {isa = PBXBuildFile; fileRef = 28CA43202AD4313600C35597 /* GithubActionsTestApp.swift */; };
		28CA43232AD4313600C35597 /* ContentView.swift in Sources */ = {isa = PBXBuildFile; fileRef = 28CA43222AD4313600C35597 /* ContentView.swift */; };
		28CA43252AD4313900C35597 /* Assets.xcassets in Resources */ = {isa = PBXBuildFile; fileRef = 28CA43242AD4313900C35597 /* Assets.xcassets */; };
		28CA43282AD4313900C35597 /* Preview Assets.xcassets in Resources */ = {isa = PBXBuildFile; fileRef = 28CA43272AD4313900C35597 /* Preview Assets.xcassets */; };
		28CA43322AD4313900C35597 /* GithubActionsTestTests.swift in Sources */ = {isa = PBXBuildFile; fileRef = 28CA43312AD4313900C35597 /* GithubActionsTestTests.swift */; };
		28CA433C2AD4313900C35597 /* GithubActionsTestUITests.swift in Sources */ = {isa = PBXBuildFile; fileRef = 28CA433B2AD4313900C35597 /* GithubActionsTestUITests.swift */; };
		28CA433E2AD4313900C35597 /* GithubActionsTestUITestsLaunchTests.swift in Sources */ = {isa = PBXBuildFile; fileRef = 28CA433D2AD4313900C35597 /* GithubActionsTestUITestsLaunchTests.swift */; };
		28CA43822AD54C4400C35597 /* FirebaseAnalytics in Frameworks */ = {isa = PBXBuildFile; productRef = 28CA43812AD54C4400C35597 /* FirebaseAnalytics */; };
		28CA43842AD54C4400C35597 /* FirebaseAnalyticsOnDeviceConversion in Frameworks */ = {isa = PBXBuildFile; productRef = 28CA43832AD54C4400C35597 /* FirebaseAnalyticsOnDeviceConversion */; };
		28CA43862AD54C4400C35597 /* FirebaseAnalyticsSwift in Frameworks */ = {isa = PBXBuildFile; productRef = 28CA43852AD54C4400C35597 /* FirebaseAnalyticsSwift */; };
		28CA43882AD54C4400C35597 /* FirebaseAnalyticsWithoutAdIdSupport in Frameworks */ = {isa = PBXBuildFile; productRef = 28CA43872AD54C4400C35597 /* FirebaseAnalyticsWithoutAdIdSupport */; };
		28CA438A2AD54C4400C35597 /* FirebaseAppCheck in Frameworks */ = {isa = PBXBuildFile; productRef = 28CA43892AD54C4400C35597 /* FirebaseAppCheck */; };
		28CA438C2AD54C4400C35597 /* FirebaseAppDistribution-Beta in Frameworks */ = {isa = PBXBuildFile; productRef = 28CA438B2AD54C4400C35597 /* FirebaseAppDistribution-Beta */; };
		28CA438E2AD54C4400C35597 /* FirebaseAuth in Frameworks */ = {isa = PBXBuildFile; productRef = 28CA438D2AD54C4400C35597 /* FirebaseAuth */; };
		28CA43902AD54C4400C35597 /* FirebaseAuthCombine-Community in Frameworks */ = {isa = PBXBuildFile; productRef = 28CA438F2AD54C4400C35597 /* FirebaseAuthCombine-Community */; };
		28CA43922AD54C4400C35597 /* FirebaseCrashlytics in Frameworks */ = {isa = PBXBuildFile; productRef = 28CA43912AD54C4400C35597 /* FirebaseCrashlytics */; };
		28CA43942AD54C4400C35597 /* FirebaseDatabase in Frameworks */ = {isa = PBXBuildFile; productRef = 28CA43932AD54C4400C35597 /* FirebaseDatabase */; };
		28CA43962AD54C4400C35597 /* FirebaseDatabaseSwift in Frameworks */ = {isa = PBXBuildFile; productRef = 28CA43952AD54C4400C35597 /* FirebaseDatabaseSwift */; };
		28CA43982AD54C4400C35597 /* FirebaseDynamicLinks in Frameworks */ = {isa = PBXBuildFile; productRef = 28CA43972AD54C4400C35597 /* FirebaseDynamicLinks */; };
		28CA439A2AD54C4400C35597 /* FirebaseFirestore in Frameworks */ = {isa = PBXBuildFile; productRef = 28CA43992AD54C4400C35597 /* FirebaseFirestore */; };
		28CA439C2AD54C4400C35597 /* FirebaseFirestoreCombine-Community in Frameworks */ = {isa = PBXBuildFile; productRef = 28CA439B2AD54C4400C35597 /* FirebaseFirestoreCombine-Community */; };
		28CA439E2AD54C4400C35597 /* FirebaseFirestoreSwift in Frameworks */ = {isa = PBXBuildFile; productRef = 28CA439D2AD54C4400C35597 /* FirebaseFirestoreSwift */; };
		28CA43A02AD54C4400C35597 /* FirebaseFunctions in Frameworks */ = {isa = PBXBuildFile; productRef = 28CA439F2AD54C4400C35597 /* FirebaseFunctions */; };
		28CA43A22AD54C4400C35597 /* FirebaseFunctionsCombine-Community in Frameworks */ = {isa = PBXBuildFile; productRef = 28CA43A12AD54C4400C35597 /* FirebaseFunctionsCombine-Community */; };
		28CA43A42AD54C4400C35597 /* FirebaseInAppMessaging-Beta in Frameworks */ = {isa = PBXBuildFile; productRef = 28CA43A32AD54C4400C35597 /* FirebaseInAppMessaging-Beta */; };
		28CA43A62AD54C4400C35597 /* FirebaseInAppMessagingSwift-Beta in Frameworks */ = {isa = PBXBuildFile; productRef = 28CA43A52AD54C4400C35597 /* FirebaseInAppMessagingSwift-Beta */; };
		28CA43A82AD54C4400C35597 /* FirebaseInstallations in Frameworks */ = {isa = PBXBuildFile; productRef = 28CA43A72AD54C4400C35597 /* FirebaseInstallations */; };
		28CA43AA2AD54C4400C35597 /* FirebaseMLModelDownloader in Frameworks */ = {isa = PBXBuildFile; productRef = 28CA43A92AD54C4400C35597 /* FirebaseMLModelDownloader */; };
		28CA43AC2AD54C4400C35597 /* FirebaseMessaging in Frameworks */ = {isa = PBXBuildFile; productRef = 28CA43AB2AD54C4400C35597 /* FirebaseMessaging */; };
		28CA43AE2AD54C4400C35597 /* FirebasePerformance in Frameworks */ = {isa = PBXBuildFile; productRef = 28CA43AD2AD54C4400C35597 /* FirebasePerformance */; };
		28CA43B02AD54C4400C35597 /* FirebaseRemoteConfig in Frameworks */ = {isa = PBXBuildFile; productRef = 28CA43AF2AD54C4400C35597 /* FirebaseRemoteConfig */; };
		28CA43B22AD54C4400C35597 /* FirebaseRemoteConfigSwift in Frameworks */ = {isa = PBXBuildFile; productRef = 28CA43B12AD54C4400C35597 /* FirebaseRemoteConfigSwift */; };
		28CA43B42AD54C4400C35597 /* FirebaseStorage in Frameworks */ = {isa = PBXBuildFile; productRef = 28CA43B32AD54C4400C35597 /* FirebaseStorage */; };
		28CA43B62AD54C4400C35597 /* FirebaseStorageCombine-Community in Frameworks */ = {isa = PBXBuildFile; productRef = 28CA43B52AD54C4400C35597 /* FirebaseStorageCombine-Community */; };
/* End PBXBuildFile section */

/* Begin PBXContainerItemProxy section */
		28CA432E2AD4313900C35597 /* PBXContainerItemProxy */ = {
			isa = PBXContainerItemProxy;
			containerPortal = 28CA43152AD4313600C35597 /* Project object */;
			proxyType = 1;
			remoteGlobalIDString = 28CA431C2AD4313600C35597;
			remoteInfo = GithubActionsTest;
		};
		28CA43382AD4313900C35597 /* PBXContainerItemProxy */ = {
			isa = PBXContainerItemProxy;
			containerPortal = 28CA43152AD4313600C35597 /* Project object */;
			proxyType = 1;
			remoteGlobalIDString = 28CA431C2AD4313600C35597;
			remoteInfo = GithubActionsTest;
		};
/* End PBXContainerItemProxy section */

/* Begin PBXFileReference section */
		28CA431D2AD4313600C35597 /* GithubActionsTest.app */ = {isa = PBXFileReference; explicitFileType = wrapper.application; includeInIndex = 0; path = GithubActionsTest.app; sourceTree = BUILT_PRODUCTS_DIR; };
		28CA43202AD4313600C35597 /* GithubActionsTestApp.swift */ = {isa = PBXFileReference; lastKnownFileType = sourcecode.swift; path = GithubActionsTestApp.swift; sourceTree = "<group>"; };
		28CA43222AD4313600C35597 /* ContentView.swift */ = {isa = PBXFileReference; lastKnownFileType = sourcecode.swift; path = ContentView.swift; sourceTree = "<group>"; };
		28CA43242AD4313900C35597 /* Assets.xcassets */ = {isa = PBXFileReference; lastKnownFileType = folder.assetcatalog; path = Assets.xcassets; sourceTree = "<group>"; };
		28CA43272AD4313900C35597 /* Preview Assets.xcassets */ = {isa = PBXFileReference; lastKnownFileType = folder.assetcatalog; path = "Preview Assets.xcassets"; sourceTree = "<group>"; };
		28CA432D2AD4313900C35597 /* GithubActionsTestTests.xctest */ = {isa = PBXFileReference; explicitFileType = wrapper.cfbundle; includeInIndex = 0; path = GithubActionsTestTests.xctest; sourceTree = BUILT_PRODUCTS_DIR; };
		28CA43312AD4313900C35597 /* GithubActionsTestTests.swift */ = {isa = PBXFileReference; lastKnownFileType = sourcecode.swift; path = GithubActionsTestTests.swift; sourceTree = "<group>"; };
		28CA43372AD4313900C35597 /* GithubActionsTestUITests.xctest */ = {isa = PBXFileReference; explicitFileType = wrapper.cfbundle; includeInIndex = 0; path = GithubActionsTestUITests.xctest; sourceTree = BUILT_PRODUCTS_DIR; };
		28CA433B2AD4313900C35597 /* GithubActionsTestUITests.swift */ = {isa = PBXFileReference; lastKnownFileType = sourcecode.swift; path = GithubActionsTestUITests.swift; sourceTree = "<group>"; };
		28CA433D2AD4313900C35597 /* GithubActionsTestUITestsLaunchTests.swift */ = {isa = PBXFileReference; lastKnownFileType = sourcecode.swift; path = GithubActionsTestUITestsLaunchTests.swift; sourceTree = "<group>"; };
/* End PBXFileReference section */

/* Begin PBXFrameworksBuildPhase section */
		28CA431A2AD4313600C35597 /* Frameworks */ = {
			isa = PBXFrameworksBuildPhase;
			buildActionMask = 2147483647;
			files = (
				28CA43942AD54C4400C35597 /* FirebaseDatabase in Frameworks */,
				28CA43A22AD54C4400C35597 /* FirebaseFunctionsCombine-Community in Frameworks */,
				28CA439A2AD54C4400C35597 /* FirebaseFirestore in Frameworks */,
				28CA43862AD54C4400C35597 /* FirebaseAnalyticsSwift in Frameworks */,
				28CA43822AD54C4400C35597 /* FirebaseAnalytics in Frameworks */,
				28CA43842AD54C4400C35597 /* FirebaseAnalyticsOnDeviceConversion in Frameworks */,
				28CA43AA2AD54C4400C35597 /* FirebaseMLModelDownloader in Frameworks */,
				28CA439E2AD54C4400C35597 /* FirebaseFirestoreSwift in Frameworks */,
				28CA438A2AD54C4400C35597 /* FirebaseAppCheck in Frameworks */,
				28CA43882AD54C4400C35597 /* FirebaseAnalyticsWithoutAdIdSupport in Frameworks */,
				28CA438E2AD54C4400C35597 /* FirebaseAuth in Frameworks */,
				28CA43922AD54C4400C35597 /* FirebaseCrashlytics in Frameworks */,
				28CA43B22AD54C4400C35597 /* FirebaseRemoteConfigSwift in Frameworks */,
				28CA43A42AD54C4400C35597 /* FirebaseInAppMessaging-Beta in Frameworks */,
				28CA43962AD54C4400C35597 /* FirebaseDatabaseSwift in Frameworks */,
				28CA43A02AD54C4400C35597 /* FirebaseFunctions in Frameworks */,
				28CA43B62AD54C4400C35597 /* FirebaseStorageCombine-Community in Frameworks */,
				28CA43B02AD54C4400C35597 /* FirebaseRemoteConfig in Frameworks */,
				28CA438C2AD54C4400C35597 /* FirebaseAppDistribution-Beta in Frameworks */,
				28CA43902AD54C4400C35597 /* FirebaseAuthCombine-Community in Frameworks */,
				28CA43AE2AD54C4400C35597 /* FirebasePerformance in Frameworks */,
				28CA43A62AD54C4400C35597 /* FirebaseInAppMessagingSwift-Beta in Frameworks */,
				28CA43B42AD54C4400C35597 /* FirebaseStorage in Frameworks */,
				28CA43982AD54C4400C35597 /* FirebaseDynamicLinks in Frameworks */,
				28CA439C2AD54C4400C35597 /* FirebaseFirestoreCombine-Community in Frameworks */,
				28CA43AC2AD54C4400C35597 /* FirebaseMessaging in Frameworks */,
				28CA43A82AD54C4400C35597 /* FirebaseInstallations in Frameworks */,
			);
			runOnlyForDeploymentPostprocessing = 0;
		};
		28CA432A2AD4313900C35597 /* Frameworks */ = {
			isa = PBXFrameworksBuildPhase;
			buildActionMask = 2147483647;
			files = (
			);
			runOnlyForDeploymentPostprocessing = 0;
		};
		28CA43342AD4313900C35597 /* Frameworks */ = {
			isa = PBXFrameworksBuildPhase;
			buildActionMask = 2147483647;
			files = (
			);
			runOnlyForDeploymentPostprocessing = 0;
		};
/* End PBXFrameworksBuildPhase section */

/* Begin PBXGroup section */
		28CA43142AD4313600C35597 = {
			isa = PBXGroup;
			children = (
				28CA431F2AD4313600C35597 /* GithubActionsTest */,
				28CA43302AD4313900C35597 /* GithubActionsTestTests */,
				28CA433A2AD4313900C35597 /* GithubActionsTestUITests */,
				28CA431E2AD4313600C35597 /* Products */,
			);
			sourceTree = "<group>";
		};
		28CA431E2AD4313600C35597 /* Products */ = {
			isa = PBXGroup;
			children = (
				28CA431D2AD4313600C35597 /* GithubActionsTest.app */,
				28CA432D2AD4313900C35597 /* GithubActionsTestTests.xctest */,
				28CA43372AD4313900C35597 /* GithubActionsTestUITests.xctest */,
			);
			name = Products;
			sourceTree = "<group>";
		};
		28CA431F2AD4313600C35597 /* GithubActionsTest */ = {
			isa = PBXGroup;
			children = (
				28CA43202AD4313600C35597 /* GithubActionsTestApp.swift */,
				28CA43222AD4313600C35597 /* ContentView.swift */,
				28CA43242AD4313900C35597 /* Assets.xcassets */,
				28CA43262AD4313900C35597 /* Preview Content */,
			);
			path = GithubActionsTest;
			sourceTree = "<group>";
		};
		28CA43262AD4313900C35597 /* Preview Content */ = {
			isa = PBXGroup;
			children = (
				28CA43272AD4313900C35597 /* Preview Assets.xcassets */,
			);
			path = "Preview Content";
			sourceTree = "<group>";
		};
		28CA43302AD4313900C35597 /* GithubActionsTestTests */ = {
			isa = PBXGroup;
			children = (
				28CA43312AD4313900C35597 /* GithubActionsTestTests.swift */,
			);
			path = GithubActionsTestTests;
			sourceTree = "<group>";
		};
		28CA433A2AD4313900C35597 /* GithubActionsTestUITests */ = {
			isa = PBXGroup;
			children = (
				28CA433B2AD4313900C35597 /* GithubActionsTestUITests.swift */,
				28CA433D2AD4313900C35597 /* GithubActionsTestUITestsLaunchTests.swift */,
			);
			path = GithubActionsTestUITests;
			sourceTree = "<group>";
		};
/* End PBXGroup section */

/* Begin PBXNativeTarget section */
		28CA431C2AD4313600C35597 /* GithubActionsTest */ = {
			isa = PBXNativeTarget;
			buildConfigurationList = 28CA43412AD4313900C35597 /* Build configuration list for PBXNativeTarget "GithubActionsTest" */;
			buildPhases = (
				28CA43192AD4313600C35597 /* Sources */,
				28CA431A2AD4313600C35597 /* Frameworks */,
				28CA431B2AD4313600C35597 /* Resources */,
			);
			buildRules = (
			);
			dependencies = (
			);
			name = GithubActionsTest;
			packageProductDependencies = (
				28CA43812AD54C4400C35597 /* FirebaseAnalytics */,
				28CA43832AD54C4400C35597 /* FirebaseAnalyticsOnDeviceConversion */,
				28CA43852AD54C4400C35597 /* FirebaseAnalyticsSwift */,
				28CA43872AD54C4400C35597 /* FirebaseAnalyticsWithoutAdIdSupport */,
				28CA43892AD54C4400C35597 /* FirebaseAppCheck */,
				28CA438B2AD54C4400C35597 /* FirebaseAppDistribution-Beta */,
				28CA438D2AD54C4400C35597 /* FirebaseAuth */,
				28CA438F2AD54C4400C35597 /* FirebaseAuthCombine-Community */,
				28CA43912AD54C4400C35597 /* FirebaseCrashlytics */,
				28CA43932AD54C4400C35597 /* FirebaseDatabase */,
				28CA43952AD54C4400C35597 /* FirebaseDatabaseSwift */,
				28CA43972AD54C4400C35597 /* FirebaseDynamicLinks */,
				28CA43992AD54C4400C35597 /* FirebaseFirestore */,
				28CA439B2AD54C4400C35597 /* FirebaseFirestoreCombine-Community */,
				28CA439D2AD54C4400C35597 /* FirebaseFirestoreSwift */,
				28CA439F2AD54C4400C35597 /* FirebaseFunctions */,
				28CA43A12AD54C4400C35597 /* FirebaseFunctionsCombine-Community */,
				28CA43A32AD54C4400C35597 /* FirebaseInAppMessaging-Beta */,
				28CA43A52AD54C4400C35597 /* FirebaseInAppMessagingSwift-Beta */,
				28CA43A72AD54C4400C35597 /* FirebaseInstallations */,
				28CA43A92AD54C4400C35597 /* FirebaseMLModelDownloader */,
				28CA43AB2AD54C4400C35597 /* FirebaseMessaging */,
				28CA43AD2AD54C4400C35597 /* FirebasePerformance */,
				28CA43AF2AD54C4400C35597 /* FirebaseRemoteConfig */,
				28CA43B12AD54C4400C35597 /* FirebaseRemoteConfigSwift */,
				28CA43B32AD54C4400C35597 /* FirebaseStorage */,
				28CA43B52AD54C4400C35597 /* FirebaseStorageCombine-Community */,
			);
			productName = GithubActionsTest;
			productReference = 28CA431D2AD4313600C35597 /* GithubActionsTest.app */;
			productType = "com.apple.product-type.application";
		};
		28CA432C2AD4313900C35597 /* GithubActionsTestTests */ = {
			isa = PBXNativeTarget;
			buildConfigurationList = 28CA43442AD4313900C35597 /* Build configuration list for PBXNativeTarget "GithubActionsTestTests" */;
			buildPhases = (
				28CA43292AD4313900C35597 /* Sources */,
				28CA432A2AD4313900C35597 /* Frameworks */,
				28CA432B2AD4313900C35597 /* Resources */,
			);
			buildRules = (
			);
			dependencies = (
				28CA432F2AD4313900C35597 /* PBXTargetDependency */,
			);
			name = GithubActionsTestTests;
			productName = GithubActionsTestTests;
			productReference = 28CA432D2AD4313900C35597 /* GithubActionsTestTests.xctest */;
			productType = "com.apple.product-type.bundle.unit-test";
		};
		28CA43362AD4313900C35597 /* GithubActionsTestUITests */ = {
			isa = PBXNativeTarget;
			buildConfigurationList = 28CA43472AD4313900C35597 /* Build configuration list for PBXNativeTarget "GithubActionsTestUITests" */;
			buildPhases = (
				28CA43332AD4313900C35597 /* Sources */,
				28CA43342AD4313900C35597 /* Frameworks */,
				28CA43352AD4313900C35597 /* Resources */,
			);
			buildRules = (
			);
			dependencies = (
				28CA43392AD4313900C35597 /* PBXTargetDependency */,
			);
			name = GithubActionsTestUITests;
			productName = GithubActionsTestUITests;
			productReference = 28CA43372AD4313900C35597 /* GithubActionsTestUITests.xctest */;
			productType = "com.apple.product-type.bundle.ui-testing";
		};
/* End PBXNativeTarget section */

/* Begin PBXProject section */
		28CA43152AD4313600C35597 /* Project object */ = {
			isa = PBXProject;
			attributes = {
				BuildIndependentTargetsInParallel = 1;
				LastSwiftUpdateCheck = 1500;
				LastUpgradeCheck = 1500;
				TargetAttributes = {
					28CA431C2AD4313600C35597 = {
						CreatedOnToolsVersion = 15.0;
					};
					28CA432C2AD4313900C35597 = {
						CreatedOnToolsVersion = 15.0;
						TestTargetID = 28CA431C2AD4313600C35597;
					};
					28CA43362AD4313900C35597 = {
						CreatedOnToolsVersion = 15.0;
						TestTargetID = 28CA431C2AD4313600C35597;
					};
				};
			};
			buildConfigurationList = 28CA43182AD4313600C35597 /* Build configuration list for PBXProject "GithubActionsTest" */;
			compatibilityVersion = "Xcode 14.0";
			developmentRegion = en;
			hasScannedForEncodings = 0;
			knownRegions = (
				en,
				Base,
			);
			mainGroup = 28CA43142AD4313600C35597;
			packageReferences = (
				28CA43802AD54C4400C35597 /* XCRemoteSwiftPackageReference "firebase-ios-sdk" */,
			);
			productRefGroup = 28CA431E2AD4313600C35597 /* Products */;
			projectDirPath = "";
			projectRoot = "";
			targets = (
				28CA431C2AD4313600C35597 /* GithubActionsTest */,
				28CA432C2AD4313900C35597 /* GithubActionsTestTests */,
				28CA43362AD4313900C35597 /* GithubActionsTestUITests */,
			);
		};
/* End PBXProject section */

/* Begin PBXResourcesBuildPhase section */
		28CA431B2AD4313600C35597 /* Resources */ = {
			isa = PBXResourcesBuildPhase;
			buildActionMask = 2147483647;
			files = (
				28CA43282AD4313900C35597 /* Preview Assets.xcassets in Resources */,
				28CA43252AD4313900C35597 /* Assets.xcassets in Resources */,
			);
			runOnlyForDeploymentPostprocessing = 0;
		};
		28CA432B2AD4313900C35597 /* Resources */ = {
			isa = PBXResourcesBuildPhase;
			buildActionMask = 2147483647;
			files = (
			);
			runOnlyForDeploymentPostprocessing = 0;
		};
		28CA43352AD4313900C35597 /* Resources */ = {
			isa = PBXResourcesBuildPhase;
			buildActionMask = 2147483647;
			files = (
			);
			runOnlyForDeploymentPostprocessing = 0;
		};
/* End PBXResourcesBuildPhase section */

/* Begin PBXSourcesBuildPhase section */
		28CA43192AD4313600C35597 /* Sources */ = {
			isa = PBXSourcesBuildPhase;
			buildActionMask = 2147483647;
			files = (
				28CA43232AD4313600C35597 /* ContentView.swift in Sources */,
				28CA43212AD4313600C35597 /* GithubActionsTestApp.swift in Sources */,
			);
			runOnlyForDeploymentPostprocessing = 0;
		};
		28CA43292AD4313900C35597 /* Sources */ = {
			isa = PBXSourcesBuildPhase;
			buildActionMask = 2147483647;
			files = (
				28CA43322AD4313900C35597 /* GithubActionsTestTests.swift in Sources */,
			);
			runOnlyForDeploymentPostprocessing = 0;
		};
		28CA43332AD4313900C35597 /* Sources */ = {
			isa = PBXSourcesBuildPhase;
			buildActionMask = 2147483647;
			files = (
				28CA433C2AD4313900C35597 /* GithubActionsTestUITests.swift in Sources */,
				28CA433E2AD4313900C35597 /* GithubActionsTestUITestsLaunchTests.swift in Sources */,
			);
			runOnlyForDeploymentPostprocessing = 0;
		};
/* End PBXSourcesBuildPhase section */

/* Begin PBXTargetDependency section */
		28CA432F2AD4313900C35597 /* PBXTargetDependency */ = {
			isa = PBXTargetDependency;
			target = 28CA431C2AD4313600C35597 /* GithubActionsTest */;
			targetProxy = 28CA432E2AD4313900C35597 /* PBXContainerItemProxy */;
		};
		28CA43392AD4313900C35597 /* PBXTargetDependency */ = {
			isa = PBXTargetDependency;
			target = 28CA431C2AD4313600C35597 /* GithubActionsTest */;
			targetProxy = 28CA43382AD4313900C35597 /* PBXContainerItemProxy */;
		};
/* End PBXTargetDependency section */

/* Begin XCBuildConfiguration section */
		28CA433F2AD4313900C35597 /* Debug */ = {
			isa = XCBuildConfiguration;
			buildSettings = {
				ALWAYS_SEARCH_USER_PATHS = NO;
				ASSETCATALOG_COMPILER_GENERATE_SWIFT_ASSET_SYMBOL_EXTENSIONS = YES;
				CLANG_ANALYZER_NONNULL = YES;
				CLANG_ANALYZER_NUMBER_OBJECT_CONVERSION = YES_AGGRESSIVE;
				CLANG_CXX_LANGUAGE_STANDARD = "gnu++20";
				CLANG_ENABLE_MODULES = YES;
				CLANG_ENABLE_OBJC_ARC = YES;
				CLANG_ENABLE_OBJC_WEAK = YES;
				CLANG_WARN_BLOCK_CAPTURE_AUTORELEASING = YES;
				CLANG_WARN_BOOL_CONVERSION = YES;
				CLANG_WARN_COMMA = YES;
				CLANG_WARN_CONSTANT_CONVERSION = YES;
				CLANG_WARN_DEPRECATED_OBJC_IMPLEMENTATIONS = YES;
				CLANG_WARN_DIRECT_OBJC_ISA_USAGE = YES_ERROR;
				CLANG_WARN_DOCUMENTATION_COMMENTS = YES;
				CLANG_WARN_EMPTY_BODY = YES;
				CLANG_WARN_ENUM_CONVERSION = YES;
				CLANG_WARN_INFINITE_RECURSION = YES;
				CLANG_WARN_INT_CONVERSION = YES;
				CLANG_WARN_NON_LITERAL_NULL_CONVERSION = YES;
				CLANG_WARN_OBJC_IMPLICIT_RETAIN_SELF = YES;
				CLANG_WARN_OBJC_LITERAL_CONVERSION = YES;
				CLANG_WARN_OBJC_ROOT_CLASS = YES_ERROR;
				CLANG_WARN_QUOTED_INCLUDE_IN_FRAMEWORK_HEADER = YES;
				CLANG_WARN_RANGE_LOOP_ANALYSIS = YES;
				CLANG_WARN_STRICT_PROTOTYPES = YES;
				CLANG_WARN_SUSPICIOUS_MOVE = YES;
				CLANG_WARN_UNGUARDED_AVAILABILITY = YES_AGGRESSIVE;
				CLANG_WARN_UNREACHABLE_CODE = YES;
				CLANG_WARN__DUPLICATE_METHOD_MATCH = YES;
				COPY_PHASE_STRIP = NO;
				DEBUG_INFORMATION_FORMAT = dwarf;
				ENABLE_STRICT_OBJC_MSGSEND = YES;
				ENABLE_TESTABILITY = YES;
				ENABLE_USER_SCRIPT_SANDBOXING = YES;
				GCC_C_LANGUAGE_STANDARD = gnu17;
				GCC_DYNAMIC_NO_PIC = NO;
				GCC_NO_COMMON_BLOCKS = YES;
				GCC_OPTIMIZATION_LEVEL = 0;
				GCC_PREPROCESSOR_DEFINITIONS = (
					"DEBUG=1",
					"$(inherited)",
				);
				GCC_WARN_64_TO_32_BIT_CONVERSION = YES;
				GCC_WARN_ABOUT_RETURN_TYPE = YES_ERROR;
				GCC_WARN_UNDECLARED_SELECTOR = YES;
				GCC_WARN_UNINITIALIZED_AUTOS = YES_AGGRESSIVE;
				GCC_WARN_UNUSED_FUNCTION = YES;
				GCC_WARN_UNUSED_VARIABLE = YES;
				IPHONEOS_DEPLOYMENT_TARGET = 17.0;
				LOCALIZATION_PREFERS_STRING_CATALOGS = YES;
				MTL_ENABLE_DEBUG_INFO = INCLUDE_SOURCE;
				MTL_FAST_MATH = YES;
				ONLY_ACTIVE_ARCH = YES;
				SDKROOT = iphoneos;
				SWIFT_ACTIVE_COMPILATION_CONDITIONS = "DEBUG $(inherited)";
				SWIFT_OPTIMIZATION_LEVEL = "-Onone";
			};
			name = Debug;
		};
		28CA43402AD4313900C35597 /* Release */ = {
			isa = XCBuildConfiguration;
			buildSettings = {
				ALWAYS_SEARCH_USER_PATHS = NO;
				ASSETCATALOG_COMPILER_GENERATE_SWIFT_ASSET_SYMBOL_EXTENSIONS = YES;
				CLANG_ANALYZER_NONNULL = YES;
				CLANG_ANALYZER_NUMBER_OBJECT_CONVERSION = YES_AGGRESSIVE;
				CLANG_CXX_LANGUAGE_STANDARD = "gnu++20";
				CLANG_ENABLE_MODULES = YES;
				CLANG_ENABLE_OBJC_ARC = YES;
				CLANG_ENABLE_OBJC_WEAK = YES;
				CLANG_WARN_BLOCK_CAPTURE_AUTORELEASING = YES;
				CLANG_WARN_BOOL_CONVERSION = YES;
				CLANG_WARN_COMMA = YES;
				CLANG_WARN_CONSTANT_CONVERSION = YES;
				CLANG_WARN_DEPRECATED_OBJC_IMPLEMENTATIONS = YES;
				CLANG_WARN_DIRECT_OBJC_ISA_USAGE = YES_ERROR;
				CLANG_WARN_DOCUMENTATION_COMMENTS = YES;
				CLANG_WARN_EMPTY_BODY = YES;
				CLANG_WARN_ENUM_CONVERSION = YES;
				CLANG_WARN_INFINITE_RECURSION = YES;
				CLANG_WARN_INT_CONVERSION = YES;
				CLANG_WARN_NON_LITERAL_NULL_CONVERSION = YES;
				CLANG_WARN_OBJC_IMPLICIT_RETAIN_SELF = YES;
				CLANG_WARN_OBJC_LITERAL_CONVERSION = YES;
				CLANG_WARN_OBJC_ROOT_CLASS = YES_ERROR;
				CLANG_WARN_QUOTED_INCLUDE_IN_FRAMEWORK_HEADER = YES;
				CLANG_WARN_RANGE_LOOP_ANALYSIS = YES;
				CLANG_WARN_STRICT_PROTOTYPES = YES;
				CLANG_WARN_SUSPICIOUS_MOVE = YES;
				CLANG_WARN_UNGUARDED_AVAILABILITY = YES_AGGRESSIVE;
				CLANG_WARN_UNREACHABLE_CODE = YES;
				CLANG_WARN__DUPLICATE_METHOD_MATCH = YES;
				COPY_PHASE_STRIP = NO;
				DEBUG_INFORMATION_FORMAT = "dwarf-with-dsym";
				ENABLE_NS_ASSERTIONS = NO;
				ENABLE_STRICT_OBJC_MSGSEND = YES;
				ENABLE_USER_SCRIPT_SANDBOXING = YES;
				GCC_C_LANGUAGE_STANDARD = gnu17;
				GCC_NO_COMMON_BLOCKS = YES;
				GCC_WARN_64_TO_32_BIT_CONVERSION = YES;
				GCC_WARN_ABOUT_RETURN_TYPE = YES_ERROR;
				GCC_WARN_UNDECLARED_SELECTOR = YES;
				GCC_WARN_UNINITIALIZED_AUTOS = YES_AGGRESSIVE;
				GCC_WARN_UNUSED_FUNCTION = YES;
				GCC_WARN_UNUSED_VARIABLE = YES;
				IPHONEOS_DEPLOYMENT_TARGET = 17.0;
				LOCALIZATION_PREFERS_STRING_CATALOGS = YES;
				MTL_ENABLE_DEBUG_INFO = NO;
				MTL_FAST_MATH = YES;
				SDKROOT = iphoneos;
				SWIFT_COMPILATION_MODE = wholemodule;
				VALIDATE_PRODUCT = YES;
			};
			name = Release;
		};
		28CA43422AD4313900C35597 /* Debug */ = {
			isa = XCBuildConfiguration;
			buildSettings = {
				ASSETCATALOG_COMPILER_APPICON_NAME = AppIcon;
				ASSETCATALOG_COMPILER_GLOBAL_ACCENT_COLOR_NAME = AccentColor;
				CODE_SIGN_STYLE = Automatic;
				CURRENT_PROJECT_VERSION = 1;
				DEVELOPMENT_ASSET_PATHS = "\"GithubActionsTest/Preview Content\"";
				DEVELOPMENT_TEAM = BW7DPA867D;
				ENABLE_PREVIEWS = YES;
				GENERATE_INFOPLIST_FILE = YES;
				INFOPLIST_KEY_UIApplicationSceneManifest_Generation = YES;
				INFOPLIST_KEY_UIApplicationSupportsIndirectInputEvents = YES;
				INFOPLIST_KEY_UILaunchScreen_Generation = YES;
				INFOPLIST_KEY_UISupportedInterfaceOrientations_iPad = "UIInterfaceOrientationPortrait UIInterfaceOrientationPortraitUpsideDown UIInterfaceOrientationLandscapeLeft UIInterfaceOrientationLandscapeRight";
				INFOPLIST_KEY_UISupportedInterfaceOrientations_iPhone = "UIInterfaceOrientationPortrait UIInterfaceOrientationLandscapeLeft UIInterfaceOrientationLandscapeRight";
				LD_RUNPATH_SEARCH_PATHS = (
					"$(inherited)",
					"@executable_path/Frameworks",
				);
				MARKETING_VERSION = 1.0;
				PRODUCT_BUNDLE_IDENTIFIER = me.abdlrhmanElmhdy.GithubActionsTest;
				PRODUCT_NAME = "$(TARGET_NAME)";
				SWIFT_EMIT_LOC_STRINGS = YES;
				SWIFT_VERSION = 5.0;
				TARGETED_DEVICE_FAMILY = "1,2";
			};
			name = Debug;
		};
		28CA43432AD4313900C35597 /* Release */ = {
			isa = XCBuildConfiguration;
			buildSettings = {
				ASSETCATALOG_COMPILER_APPICON_NAME = AppIcon;
				ASSETCATALOG_COMPILER_GLOBAL_ACCENT_COLOR_NAME = AccentColor;
				CODE_SIGN_STYLE = Automatic;
				CURRENT_PROJECT_VERSION = 1;
				DEVELOPMENT_ASSET_PATHS = "\"GithubActionsTest/Preview Content\"";
				DEVELOPMENT_TEAM = BW7DPA867D;
				ENABLE_PREVIEWS = YES;
				GENERATE_INFOPLIST_FILE = YES;
				INFOPLIST_KEY_UIApplicationSceneManifest_Generation = YES;
				INFOPLIST_KEY_UIApplicationSupportsIndirectInputEvents = YES;
				INFOPLIST_KEY_UILaunchScreen_Generation = YES;
				INFOPLIST_KEY_UISupportedInterfaceOrientations_iPad = "UIInterfaceOrientationPortrait UIInterfaceOrientationPortraitUpsideDown UIInterfaceOrientationLandscapeLeft UIInterfaceOrientationLandscapeRight";
				INFOPLIST_KEY_UISupportedInterfaceOrientations_iPhone = "UIInterfaceOrientationPortrait UIInterfaceOrientationLandscapeLeft UIInterfaceOrientationLandscapeRight";
				LD_RUNPATH_SEARCH_PATHS = (
					"$(inherited)",
					"@executable_path/Frameworks",
				);
				MARKETING_VERSION = 1.0;
				PRODUCT_BUNDLE_IDENTIFIER = me.abdlrhmanElmhdy.GithubActionsTest;
				PRODUCT_NAME = "$(TARGET_NAME)";
				SWIFT_EMIT_LOC_STRINGS = YES;
				SWIFT_VERSION = 5.0;
				TARGETED_DEVICE_FAMILY = "1,2";
			};
			name = Release;
		};
		28CA43452AD4313900C35597 /* Debug */ = {
			isa = XCBuildConfiguration;
			buildSettings = {
				ALWAYS_EMBED_SWIFT_STANDARD_LIBRARIES = YES;
				BUNDLE_LOADER = "$(TEST_HOST)";
				CODE_SIGN_STYLE = Automatic;
				CURRENT_PROJECT_VERSION = 1;
				DEVELOPMENT_TEAM = BW7DPA867D;
				GENERATE_INFOPLIST_FILE = YES;
				IPHONEOS_DEPLOYMENT_TARGET = 17.0;
				MARKETING_VERSION = 1.0;
				PRODUCT_BUNDLE_IDENTIFIER = me.abdlrhmanElmhdy.GithubActionsTestTests;
				PRODUCT_NAME = "$(TARGET_NAME)";
				SWIFT_EMIT_LOC_STRINGS = NO;
				SWIFT_VERSION = 5.0;
				TARGETED_DEVICE_FAMILY = "1,2";
				TEST_HOST = "$(BUILT_PRODUCTS_DIR)/GithubActionsTest.app/$(BUNDLE_EXECUTABLE_FOLDER_PATH)/GithubActionsTest";
			};
			name = Debug;
		};
		28CA43462AD4313900C35597 /* Release */ = {
			isa = XCBuildConfiguration;
			buildSettings = {
				ALWAYS_EMBED_SWIFT_STANDARD_LIBRARIES = YES;
				BUNDLE_LOADER = "$(TEST_HOST)";
				CODE_SIGN_STYLE = Automatic;
				CURRENT_PROJECT_VERSION = 1;
				DEVELOPMENT_TEAM = BW7DPA867D;
				GENERATE_INFOPLIST_FILE = YES;
				IPHONEOS_DEPLOYMENT_TARGET = 17.0;
				MARKETING_VERSION = 1.0;
				PRODUCT_BUNDLE_IDENTIFIER = me.abdlrhmanElmhdy.GithubActionsTestTests;
				PRODUCT_NAME = "$(TARGET_NAME)";
				SWIFT_EMIT_LOC_STRINGS = NO;
				SWIFT_VERSION = 5.0;
				TARGETED_DEVICE_FAMILY = "1,2";
				TEST_HOST = "$(BUILT_PRODUCTS_DIR)/GithubActionsTest.app/$(BUNDLE_EXECUTABLE_FOLDER_PATH)/GithubActionsTest";
			};
			name = Release;
		};
		28CA43482AD4313900C35597 /* Debug */ = {
			isa = XCBuildConfiguration;
			buildSettings = {
				ALWAYS_EMBED_SWIFT_STANDARD_LIBRARIES = YES;
				CODE_SIGN_STYLE = Automatic;
				CURRENT_PROJECT_VERSION = 1;
				DEVELOPMENT_TEAM = BW7DPA867D;
				GENERATE_INFOPLIST_FILE = YES;
				MARKETING_VERSION = 1.0;
				PRODUCT_BUNDLE_IDENTIFIER = me.abdlrhmanElmhdy.GithubActionsTestUITests;
				PRODUCT_NAME = "$(TARGET_NAME)";
				SWIFT_EMIT_LOC_STRINGS = NO;
				SWIFT_VERSION = 5.0;
				TARGETED_DEVICE_FAMILY = "1,2";
				TEST_TARGET_NAME = GithubActionsTest;
			};
			name = Debug;
		};
		28CA43492AD4313900C35597 /* Release */ = {
			isa = XCBuildConfiguration;
			buildSettings = {
				ALWAYS_EMBED_SWIFT_STANDARD_LIBRARIES = YES;
				CODE_SIGN_STYLE = Automatic;
				CURRENT_PROJECT_VERSION = 1;
				DEVELOPMENT_TEAM = BW7DPA867D;
				GENERATE_INFOPLIST_FILE = YES;
				MARKETING_VERSION = 1.0;
				PRODUCT_BUNDLE_IDENTIFIER = me.abdlrhmanElmhdy.GithubActionsTestUITests;
				PRODUCT_NAME = "$(TARGET_NAME)";
				SWIFT_EMIT_LOC_STRINGS = NO;
				SWIFT_VERSION = 5.0;
				TARGETED_DEVICE_FAMILY = "1,2";
				TEST_TARGET_NAME = GithubActionsTest;
			};
			name = Release;
		};
/* End XCBuildConfiguration section */

/* Begin XCConfigurationList section */
		28CA43182AD4313600C35597 /* Build configuration list for PBXProject "GithubActionsTest" */ = {
			isa = XCConfigurationList;
			buildConfigurations = (
				28CA433F2AD4313900C35597 /* Debug */,
				28CA43402AD4313900C35597 /* Release */,
			);
			defaultConfigurationIsVisible = 0;
			defaultConfigurationName = Release;
		};
		28CA43412AD4313900C35597 /* Build configuration list for PBXNativeTarget "GithubActionsTest" */ = {
			isa = XCConfigurationList;
			buildConfigurations = (
				28CA43422AD4313900C35597 /* Debug */,
				28CA43432AD4313900C35597 /* Release */,
			);
			defaultConfigurationIsVisible = 0;
			defaultConfigurationName = Release;
		};
		28CA43442AD4313900C35597 /* Build configuration list for PBXNativeTarget "GithubActionsTestTests" */ = {
			isa = XCConfigurationList;
			buildConfigurations = (
				28CA43452AD4313900C35597 /* Debug */,
				28CA43462AD4313900C35597 /* Release */,
			);
			defaultConfigurationIsVisible = 0;
			defaultConfigurationName = Release;
		};
		28CA43472AD4313900C35597 /* Build configuration list for PBXNativeTarget "GithubActionsTestUITests" */ = {
			isa = XCConfigurationList;
			buildConfigurations = (
				28CA43482AD4313900C35597 /* Debug */,
				28CA43492AD4313900C35597 /* Release */,
			);
			defaultConfigurationIsVisible = 0;
			defaultConfigurationName = Release;
		};
/* End XCConfigurationList section */

/* Begin XCRemoteSwiftPackageReference section */
		28CA43802AD54C4400C35597 /* XCRemoteSwiftPackageReference "firebase-ios-sdk" */ = {
			isa = XCRemoteSwiftPackageReference;
			repositoryURL = "https://github.com/firebase/firebase-ios-sdk";
			requirement = {
				kind = upToNextMajorVersion;
				minimumVersion = 10.16.0;
			};
		};
/* End XCRemoteSwiftPackageReference section */

/* Begin XCSwiftPackageProductDependency section */
		28CA43812AD54C4400C35597 /* FirebaseAnalytics */ = {
			isa = XCSwiftPackageProductDependency;
			package = 28CA43802AD54C4400C35597 /* XCRemoteSwiftPackageReference "firebase-ios-sdk" */;
			productName = FirebaseAnalytics;
		};
		28CA43832AD54C4400C35597 /* FirebaseAnalyticsOnDeviceConversion */ = {
			isa = XCSwiftPackageProductDependency;
			package = 28CA43802AD54C4400C35597 /* XCRemoteSwiftPackageReference "firebase-ios-sdk" */;
			productName = FirebaseAnalyticsOnDeviceConversion;
		};
		28CA43852AD54C4400C35597 /* FirebaseAnalyticsSwift */ = {
			isa = XCSwiftPackageProductDependency;
			package = 28CA43802AD54C4400C35597 /* XCRemoteSwiftPackageReference "firebase-ios-sdk" */;
			productName = FirebaseAnalyticsSwift;
		};
		28CA43872AD54C4400C35597 /* FirebaseAnalyticsWithoutAdIdSupport */ = {
			isa = XCSwiftPackageProductDependency;
			package = 28CA43802AD54C4400C35597 /* XCRemoteSwiftPackageReference "firebase-ios-sdk" */;
			productName = FirebaseAnalyticsWithoutAdIdSupport;
		};
		28CA43892AD54C4400C35597 /* FirebaseAppCheck */ = {
			isa = XCSwiftPackageProductDependency;
			package = 28CA43802AD54C4400C35597 /* XCRemoteSwiftPackageReference "firebase-ios-sdk" */;
			productName = FirebaseAppCheck;
		};
		28CA438B2AD54C4400C35597 /* FirebaseAppDistribution-Beta */ = {
			isa = XCSwiftPackageProductDependency;
			package = 28CA43802AD54C4400C35597 /* XCRemoteSwiftPackageReference "firebase-ios-sdk" */;
			productName = "FirebaseAppDistribution-Beta";
		};
		28CA438D2AD54C4400C35597 /* FirebaseAuth */ = {
			isa = XCSwiftPackageProductDependency;
			package = 28CA43802AD54C4400C35597 /* XCRemoteSwiftPackageReference "firebase-ios-sdk" */;
			productName = FirebaseAuth;
		};
		28CA438F2AD54C4400C35597 /* FirebaseAuthCombine-Community */ = {
			isa = XCSwiftPackageProductDependency;
			package = 28CA43802AD54C4400C35597 /* XCRemoteSwiftPackageReference "firebase-ios-sdk" */;
			productName = "FirebaseAuthCombine-Community";
		};
		28CA43912AD54C4400C35597 /* FirebaseCrashlytics */ = {
			isa = XCSwiftPackageProductDependency;
			package = 28CA43802AD54C4400C35597 /* XCRemoteSwiftPackageReference "firebase-ios-sdk" */;
			productName = FirebaseCrashlytics;
		};
		28CA43932AD54C4400C35597 /* FirebaseDatabase */ = {
			isa = XCSwiftPackageProductDependency;
			package = 28CA43802AD54C4400C35597 /* XCRemoteSwiftPackageReference "firebase-ios-sdk" */;
			productName = FirebaseDatabase;
		};
		28CA43952AD54C4400C35597 /* FirebaseDatabaseSwift */ = {
			isa = XCSwiftPackageProductDependency;
			package = 28CA43802AD54C4400C35597 /* XCRemoteSwiftPackageReference "firebase-ios-sdk" */;
			productName = FirebaseDatabaseSwift;
		};
		28CA43972AD54C4400C35597 /* FirebaseDynamicLinks */ = {
			isa = XCSwiftPackageProductDependency;
			package = 28CA43802AD54C4400C35597 /* XCRemoteSwiftPackageReference "firebase-ios-sdk" */;
			productName = FirebaseDynamicLinks;
		};
		28CA43992AD54C4400C35597 /* FirebaseFirestore */ = {
			isa = XCSwiftPackageProductDependency;
			package = 28CA43802AD54C4400C35597 /* XCRemoteSwiftPackageReference "firebase-ios-sdk" */;
			productName = FirebaseFirestore;
		};
		28CA439B2AD54C4400C35597 /* FirebaseFirestoreCombine-Community */ = {
			isa = XCSwiftPackageProductDependency;
			package = 28CA43802AD54C4400C35597 /* XCRemoteSwiftPackageReference "firebase-ios-sdk" */;
			productName = "FirebaseFirestoreCombine-Community";
		};
		28CA439D2AD54C4400C35597 /* FirebaseFirestoreSwift */ = {
			isa = XCSwiftPackageProductDependency;
			package = 28CA43802AD54C4400C35597 /* XCRemoteSwiftPackageReference "firebase-ios-sdk" */;
			productName = FirebaseFirestoreSwift;
		};
		28CA439F2AD54C4400C35597 /* FirebaseFunctions */ = {
			isa = XCSwiftPackageProductDependency;
			package = 28CA43802AD54C4400C35597 /* XCRemoteSwiftPackageReference "firebase-ios-sdk" */;
			productName = FirebaseFunctions;
		};
		28CA43A12AD54C4400C35597 /* FirebaseFunctionsCombine-Community */ = {
			isa = XCSwiftPackageProductDependency;
			package = 28CA43802AD54C4400C35597 /* XCRemoteSwiftPackageReference "firebase-ios-sdk" */;
			productName = "FirebaseFunctionsCombine-Community";
		};
		28CA43A32AD54C4400C35597 /* FirebaseInAppMessaging-Beta */ = {
			isa = XCSwiftPackageProductDependency;
			package = 28CA43802AD54C4400C35597 /* XCRemoteSwiftPackageReference "firebase-ios-sdk" */;
			productName = "FirebaseInAppMessaging-Beta";
		};
		28CA43A52AD54C4400C35597 /* FirebaseInAppMessagingSwift-Beta */ = {
			isa = XCSwiftPackageProductDependency;
			package = 28CA43802AD54C4400C35597 /* XCRemoteSwiftPackageReference "firebase-ios-sdk" */;
			productName = "FirebaseInAppMessagingSwift-Beta";
		};
		28CA43A72AD54C4400C35597 /* FirebaseInstallations */ = {
			isa = XCSwiftPackageProductDependency;
			package = 28CA43802AD54C4400C35597 /* XCRemoteSwiftPackageReference "firebase-ios-sdk" */;
			productName = FirebaseInstallations;
		};
		28CA43A92AD54C4400C35597 /* FirebaseMLModelDownloader */ = {
			isa = XCSwiftPackageProductDependency;
			package = 28CA43802AD54C4400C35597 /* XCRemoteSwiftPackageReference "firebase-ios-sdk" */;
			productName = FirebaseMLModelDownloader;
		};
		28CA43AB2AD54C4400C35597 /* FirebaseMessaging */ = {
			isa = XCSwiftPackageProductDependency;
			package = 28CA43802AD54C4400C35597 /* XCRemoteSwiftPackageReference "firebase-ios-sdk" */;
			productName = FirebaseMessaging;
		};
		28CA43AD2AD54C4400C35597 /* FirebasePerformance */ = {
			isa = XCSwiftPackageProductDependency;
			package = 28CA43802AD54C4400C35597 /* XCRemoteSwiftPackageReference "firebase-ios-sdk" */;
			productName = FirebasePerformance;
		};
		28CA43AF2AD54C4400C35597 /* FirebaseRemoteConfig */ = {
			isa = XCSwiftPackageProductDependency;
			package = 28CA43802AD54C4400C35597 /* XCRemoteSwiftPackageReference "firebase-ios-sdk" */;
			productName = FirebaseRemoteConfig;
		};
		28CA43B12AD54C4400C35597 /* FirebaseRemoteConfigSwift */ = {
			isa = XCSwiftPackageProductDependency;
			package = 28CA43802AD54C4400C35597 /* XCRemoteSwiftPackageReference "firebase-ios-sdk" */;
			productName = FirebaseRemoteConfigSwift;
		};
		28CA43B32AD54C4400C35597 /* FirebaseStorage */ = {
			isa = XCSwiftPackageProductDependency;
			package = 28CA43802AD54C4400C35597 /* XCRemoteSwiftPackageReference "firebase-ios-sdk" */;
			productName = FirebaseStorage;
		};
		28CA43B52AD54C4400C35597 /* FirebaseStorageCombine-Community */ = {
			isa = XCSwiftPackageProductDependency;
			package = 28CA43802AD54C4400C35597 /* XCRemoteSwiftPackageReference "firebase-ios-sdk" */;
			productName = "FirebaseStorageCombine-Community";
		};
/* End XCSwiftPackageProductDependency section */
	};
	rootObject = 28CA43152AD4313600C35597 /* Project object */;
}
